{
  "name": "@constructflow/sheet-engine",
  "version": "0.1.0",
  "lockfileVersion": 3,
  "requires": true,
  "packages": {
    "": {
      "name": "@constructflow/sheet-engine",
      "version": "0.1.0",
      "dependencies": {
        "@constructflow/architecture-engine": "file:../architecture-engine",
        "@constructflow/domain-providers": "file:../domain-providers",
        "@constructflow/electrical-engine": "file:../electrical-engine",
        "@constructflow/geometry-kernel": "file:../geometry-kernel",
        "@constructflow/module-sdk": "file:../module-sdk",
        "@constructflow/project-model": "file:../project-model",
        "@constructflow/representation-engine": "file:../representation-engine",
        "@constructflow/structure-engine": "file:../structure-engine",
        "@pdf-lib/fontkit": "^1.1.1",
        "constructflow-standalone": "file:../..",
        "pdf-lib": "^1.17.1"
      },
      "devDependencies": {
        "typescript": "^5.7.3"
      }
    },
    "../..": {
      "name": "constructflow-standalone"
    },
    "../architecture-engine": {
      "version": "0.1.0",
      "dependencies": {
        "@constructflow/command-schema": "file:../command-schema",
        "@constructflow/geometry-kernel": "file:../geometry-kernel",
        "@constructflow/module-sdk": "file:../module-sdk",
        "@constructflow/project-model": "file:../project-model"
      },
      "devDependencies": {
        "typescript": "^5.7.3"
      }
    },
    "../domain-providers": {
      "name": "@constructflow/domain-providers",
      "version": "0.1.0",
      "dependencies": {
        "@constructflow/architecture-engine": "file:../architecture-engine",
        "@constructflow/command-schema": "file:../command-schema",
        "@constructflow/decorative-engine": "file:../decorative-engine",
        "@constructflow/drainage-engine": "file:../drainage-engine",
        "@constructflow/electrical-engine": "file:../electrical-engine",
        "@constructflow/geometry-kernel": "file:../geometry-kernel",
        "@constructflow/interior-engine": "file:../interior-engine",
        "@constructflow/module-sdk": "file:../module-sdk",
        "@constructflow/plumbing-engine": "file:../plumbing-engine",
        "@constructflow/project-model": "file:../project-model",
        "@constructflow/roof-engine": "file:../roof-engine",
        "@constructflow/structure-engine": "file:../structure-engine"
      },
      "devDependencies": {
        "typescript": "^5.7.3"
      }
    },
    "../electrical-engine": {
      "name": "@constructflow/electrical-engine",
      "version": "0.1.0",
      "dependencies": {
        "@constructflow/command-schema": "file:../command-schema",
        "@constructflow/geometry-kernel": "file:../geometry-kernel",
        "@constructflow/module-sdk": "file:../module-sdk",
        "@constructflow/project-model": "file:../project-model"
      },
      "devDependencies": {
        "typescript": "^5.7.3"
      }
    },
    "../geometry-kernel": {
      "name": "@constructflow/geometry-kernel",
      "version": "0.1.0",
      "devDependencies": {
        "typescript": "^5.7.3"
      }
    },
    "../module-sdk": {
      "name": "@constructflow/module-sdk",
      "version": "0.1.0",
      "dependencies": {
        "@constructflow/command-schema": "file:../command-schema",
        "@constructflow/geometry-kernel": "file:../geometry-kernel",
        "@constructflow/project-model": "file:../project-model"
      },
      "devDependencies": {
        "typescript": "^5.7.3"
      }
    },
    "../project-model": {
      "name": "@constructflow/project-model",
      "version": "0.1.0",
      "devDependencies": {
        "typescript": "^5.7.3"
      }
    },
    "../representation-engine": {
      "name": "@constructflow/representation-engine",
      "version": "0.1.0",
      "dependencies": {
        "@constructflow/domain-providers": "file:../domain-providers",
        "@constructflow/geometry-kernel": "file:../geometry-kernel",
        "@constructflow/project-model": "file:../project-model"
      },
      "devDependencies": {
        "typescript": "^5.7.3"
      }
    },
    "../structure-engine": {
      "name": "@constructflow/structure-engine",
      "version": "0.1.0",
      "dependencies": {
        "@constructflow/command-schema": "file:../command-schema",
        "@constructflow/geometry-kernel": "file:../geometry-kernel",
        "@constructflow/module-sdk": "file:../module-sdk",
        "@constructflow/project-model": "file:../project-model"
      },
      "devDependencies": {
        "typescript": "^5.7.3"
      }
    },
    "node_modules/@constructflow/architecture-engine": {
      "resolved": "../architecture-engine",
      "link": true
    },
    "node_modules/@constructflow/domain-providers": {
      "resolved": "../domain-providers",
      "link": true
    },
    "node_modules/@constructflow/electrical-engine": {
      "resolved": "../electrical-engine",
      "link": true
    },
    "node_modules/@constructflow/geometry-kernel": {
      "resolved": "../geometry-kernel",
      "link": true
    },
    "node_modules/@constructflow/module-sdk": {
      "resolved": "../module-sdk",
      "link": true
    },
    "node_modules/@constructflow/project-model": {
      "resolved": "../project-model",
      "link": true
    },
    "node_modules/@constructflow/representation-engine": {
      "resolved": "../representation-engine",
      "link": true
    },
    "node_modules/@constructflow/structure-engine": {
      "resolved": "../structure-engine",
      "link": true
    },
    "node_modules/@pdf-lib/fontkit": {
      "version": "1.1.1",
      "resolved": "https://registry.npmjs.org/@pdf-lib/fontkit/-/fontkit-1.1.1.tgz",
      "integrity": "sha512-KjMd7grNapIWS/Dm0gvfHEilSyAmeLvrEGVcqLGi0VYebuqqzTbgF29efCx7tvx+IEbG3zQciRSWl3GkUSvjZg==",
      "dependencies": {
        "pako": "^1.0.6"
      }
    },
    "node_modules/@pdf-lib/standard-fonts": {
      "version": "1.0.0",
      "resolved": "https://registry.npmjs.org/@pdf-lib/standard-fonts/-/standard-fonts-1.0.0.tgz",
      "integrity": "sha512-hU30BK9IUN/su0Mn9VdlVKsWBS6GyhVfqjwl1FjZN4TxP6cCw0jP2w7V3Hf5uX7M0AZJ16vey9yE0ny7Sa59ZA==",
      "dependencies": {
        "pako": "^1.0.6"
      }
    },
    "node_modules/@pdf-lib/upng": {
      "version": "1.0.1",
      "resolved": "https://registry.npmjs.org/@pdf-lib/upng/-/upng-1.0.1.tgz",
      "integrity": "sha512-dQK2FUMQtowVP00mtIksrlZhdFXQZPC+taih1q4CvPZ5vqdxR/LKBaFg0oAfzd1GlHZXXSPdQfzQnt+ViGvEIQ==",
      "dependencies": {
        "pako": "^1.0.10"
      }
    },
    "node_modules/constructflow-standalone": {
      "resolved": "../..",
      "link": true
    },
    "node_modules/pako": {
      "version": "1.0.11",
      "resolved": "https://registry.npmjs.org/pako/-/pako-1.0.11.tgz",
      "integrity": "sha512-4hLB8Py4zZce5s4yd9XzopqwVv/yGNhV1Bl8NTmCq1763HeK2+EwVTv+leGeL13Dnh2wfbqowVPXCIO0z4taYw=="
    },
    "node_modules/pdf-lib": {
      "version": "1.17.1",
      "resolved": "https://registry.npmjs.org/pdf-lib/-/pdf-lib-1.17.1.tgz",
      "integrity": "sha512-V/mpyJAoTsN4cnP31vc0wfNA1+p20evqqnap0KLoRUN0Yk/p3wN52DOEsL4oBFcLdb76hlpKPtzJIgo67j/XLw==",
      "dependencies": {
        "@pdf-lib/standard-fonts": "^1.0.0",
        "@pdf-lib/upng": "^1.0.1",
        "pako": "^1.0.11",
        "tslib": "^1.11.1"
      }
    },
    "node_modules/tslib": {
      "version": "1.14.1",
      "resolved": "https://registry.npmjs.org/tslib/-/tslib-1.14.1.tgz",
      "integrity": "sha512-Xni35NKzjgMrwevysHTCArtLDpPvye8zV/0E4EyYn43P7/7qvQwPh9BGkHewbMulVntbigmcT7rdX3BNo9wRJg=="
    },
    "node_modules/typescript": {
      "version": "5.9.3",
      "resolved": "https://registry.npmjs.org/typescript/-/typescript-5.9.3.tgz",
      "integrity": "sha512-jl1vZzPDinLr9eUt3J/t7V6FgNEw9QjvBPdysz9KfQDD41fQrC2Y4vKQdiaUpFT4bXlb1RHhLpp8wtm6M5TgSw==",
      "dev": true,
      "bin": {
        "tsc": "bin/tsc",
        "tsserver": "bin/tsserver"
      },
      "engines": {
        "node": ">=14.17"
      }
    }
  }
}
