{
  "name": "@constructflow/domain-providers",
  "version": "0.1.0",
  "lockfileVersion": 3,
  "requires": true,
  "packages": {
    "": {
      "name": "@constructflow/domain-providers",
      "version": "0.1.0",
      "dependencies": {
        "@constructflow/architecture-engine": "file:../architecture-engine",
        "@constructflow/command-schema": "file:../command-schema",
        "@constructflow/decorative-engine": "file:../decorative-engine",
        "@constructflow/drainage-engine": "file:../drainage-engine",
        "@constructflow/electrical-engine": "file:../electrical-engine",
        "@constructflow/geometry-kernel": "file:../geometry-kernel",
        "@constructflow/interior-engine": "file:../interior-engine",
        "@constructflow/module-sdk": "file:../module-sdk",
        "@constructflow/plumbing-engine": "file:../plumbing-engine",
        "@constructflow/project-model": "file:../project-model",
        "@constructflow/roof-engine": "file:../roof-engine",
        "@constructflow/structure-engine": "file:../structure-engine"
      },
      "devDependencies": {
        "typescript": "^5.7.3"
      }
    },
    "../architecture-engine": {
      "name": "@constructflow/architecture-engine",
      "version": "0.1.0",
      "dependencies": {
        "@constructflow/command-schema": "file:../command-schema",
        "@constructflow/geometry-kernel": "file:../geometry-kernel",
        "@constructflow/module-sdk": "file:../module-sdk",
        "@constructflow/project-model": "file:../project-model"
      },
      "devDependencies": {
        "typescript": "^5.7.3"
      }
    },
    "../command-schema": {
      "name": "@constructflow/command-schema",
      "version": "0.1.0",
      "dependencies": {
        "@constructflow/project-model": "file:../project-model"
      },
      "devDependencies": {
        "typescript": "^5.7.3"
      }
    },
    "../decorative-engine": {
      "name": "@constructflow/decorative-engine",
      "version": "0.1.0",
      "dependencies": {
        "@constructflow/command-schema": "file:../command-schema",
        "@constructflow/geometry-kernel": "file:../geometry-kernel",
        "@constructflow/module-sdk": "file:../module-sdk",
        "@constructflow/project-model": "file:../project-model"
      },
      "devDependencies": {
        "typescript": "^5.7.3"
      }
    },
    "../drainage-engine": {
      "name": "@constructflow/drainage-engine",
      "version": "0.1.0",
      "dependencies": {
        "@constructflow/command-schema": "file:../command-schema",
        "@constructflow/geometry-kernel": "file:../geometry-kernel",
        "@constructflow/module-sdk": "file:../module-sdk",
        "@constructflow/project-model": "file:../project-model"
      },
      "devDependencies": {
        "typescript": "^5.7.3"
      }
    },
    "../electrical-engine": {
      "name": "@constructflow/electrical-engine",
      "version": "0.1.0",
      "dependencies": {
        "@constructflow/command-schema": "file:../command-schema",
        "@constructflow/geometry-kernel": "file:../geometry-kernel",
        "@constructflow/module-sdk": "file:../module-sdk",
        "@constructflow/project-model": "file:../project-model"
      },
      "devDependencies": {
        "typescript": "^5.7.3"
      }
    },
    "../geometry-kernel": {
      "name": "@constructflow/geometry-kernel",
      "version": "0.1.0",
      "devDependencies": {
        "typescript": "^5.7.3"
      }
    },
    "../interior-engine": {
      "name": "@constructflow/interior-engine",
      "version": "0.1.0",
      "dependencies": {
        "@constructflow/command-schema": "file:../command-schema",
        "@constructflow/geometry-kernel": "file:../geometry-kernel",
        "@constructflow/module-sdk": "file:../module-sdk",
        "@constructflow/project-model": "file:../project-model"
      },
      "devDependencies": {
        "typescript": "^5.7.3"
      }
    },
    "../module-sdk": {
      "name": "@constructflow/module-sdk",
      "version": "0.1.0",
      "dependencies": {
        "@constructflow/command-schema": "file:../command-schema",
        "@constructflow/geometry-kernel": "file:../geometry-kernel",
        "@constructflow/project-model": "file:../project-model"
      },
      "devDependencies": {
        "typescript": "^5.7.3"
      }
    },
    "../plumbing-engine": {
      "name": "@constructflow/plumbing-engine",
      "version": "0.1.0",
      "dependencies": {
        "@constructflow/command-schema": "file:../command-schema",
        "@constructflow/geometry-kernel": "file:../geometry-kernel",
        "@constructflow/module-sdk": "file:../module-sdk",
        "@constructflow/project-model": "file:../project-model"
      },
      "devDependencies": {
        "typescript": "^5.7.3"
      }
    },
    "../project-model": {
      "name": "@constructflow/project-model",
      "version": "0.1.0",
      "devDependencies": {
        "typescript": "^5.7.3"
      }
    },
    "../roof-engine": {
      "name": "@constructflow/roof-engine",
      "version": "0.1.0",
      "dependencies": {
        "@constructflow/command-schema": "file:../command-schema",
        "@constructflow/geometry-kernel": "file:../geometry-kernel",
        "@constructflow/module-sdk": "file:../module-sdk",
        "@constructflow/project-model": "file:../project-model"
      },
      "devDependencies": {
        "typescript": "^5.7.3"
      }
    },
    "../structure-engine": {
      "name": "@constructflow/structure-engine",
      "version": "0.1.0",
      "dependencies": {
        "@constructflow/command-schema": "file:../command-schema",
        "@constructflow/geometry-kernel": "file:../geometry-kernel",
        "@constructflow/module-sdk": "file:../module-sdk",
        "@constructflow/project-model": "file:../project-model"
      },
      "devDependencies": {
        "typescript": "^5.7.3"
      }
    },
    "node_modules/@constructflow/architecture-engine": {
      "resolved": "../architecture-engine",
      "link": true
    },
    "node_modules/@constructflow/command-schema": {
      "resolved": "../command-schema",
      "link": true
    },
    "node_modules/@constructflow/decorative-engine": {
      "resolved": "../decorative-engine",
      "link": true
    },
    "node_modules/@constructflow/drainage-engine": {
      "resolved": "../drainage-engine",
      "link": true
    },
    "node_modules/@constructflow/electrical-engine": {
      "resolved": "../electrical-engine",
      "link": true
    },
    "node_modules/@constructflow/geometry-kernel": {
      "resolved": "../geometry-kernel",
      "link": true
    },
    "node_modules/@constructflow/interior-engine": {
      "resolved": "../interior-engine",
      "link": true
    },
    "node_modules/@constructflow/module-sdk": {
      "resolved": "../module-sdk",
      "link": true
    },
    "node_modules/@constructflow/plumbing-engine": {
      "resolved": "../plumbing-engine",
      "link": true
    },
    "node_modules/@constructflow/project-model": {
      "resolved": "../project-model",
      "link": true
    },
    "node_modules/@constructflow/roof-engine": {
      "resolved": "../roof-engine",
      "link": true
    },
    "node_modules/@constructflow/structure-engine": {
      "resolved": "../structure-engine",
      "link": true
    },
    "node_modules/typescript": {
      "version": "5.9.3",
      "resolved": "https://registry.npmjs.org/typescript/-/typescript-5.9.3.tgz",
      "integrity": "sha512-jl1vZzPDinLr9eUt3J/t7V6FgNEw9QjvBPdysz9KfQDD41fQrC2Y4vKQdiaUpFT4bXlb1RHhLpp8wtm6M5TgSw==",
      "dev": true,
      "bin": {
        "tsc": "bin/tsc",
        "tsserver": "bin/tsserver"
      },
      "engines": {
        "node": ">=14.17"
      }
    }
  }
}
